
Microsoft Visual Studio Solution File, Format Version 12.00
# Visual Studio 15
VisualStudioVersion = 15.0.28307.2092
MinimumVisualStudioVersion = 10.0.40219.1
Project("{2150E333-8FDC-42A3-9474-1A3956D46DE8}") = "0_thirdparty", "0_thirdparty", "{07929ABC-5406-414D-9F87-3F299603B54E}"
EndProject
Project("{2150E333-8FDC-42A3-9474-1A3956D46DE8}") = "0_lib", "0_lib", "{BAA67E44-6D73-4870-815A-2A530149F238}"
EndProject
Project("{2150E333-8FDC-42A3-9474-1A3956D46DE8}") = "1_dll", "1_dll", "{0566C3EC-6E00-435A-89A6-755B0D9EA207}"
EndProject
Project("{2150E333-8FDC-42A3-9474-1A3956D46DE8}") = "1_demo", "1_demo", "{C2A928E2-3812-4029-8BF0-611650C9E209}"
EndProject
Project("{8BC9CEB8-8B4A-11D0-8D11-00A0C91BC942}") = "libzlib", "thirdparty\zlib-1.2.12\libzlib.vcxproj", "{98370A1A-2305-3AE1-8D6B-0841290DE59E}"
EndProject
Project("{8BC9CEB8-8B4A-11D0-8D11-00A0C91BC942}") = "libgetopt", "thirdparty\getopt\libgetopt.vcxproj", "{CBA57C31-6A64-4B51-B22E-5B820B021322}"
EndProject
Project("{8BC9CEB8-8B4A-11D0-8D11-00A0C91BC942}") = "mobidrm", "demo\tools\mobidrm\mobidrm.vcxproj", "{FE46B6F6-64FB-3F5C-880C-ECA12E91B464}"
	ProjectSection(ProjectDependencies) = postProject
		{98370A1A-2305-3AE1-8D6B-0841290DE59E} = {98370A1A-2305-3AE1-8D6B-0841290DE59E}
		{CBA57C31-6A64-4B51-B22E-5B820B021322} = {CBA57C31-6A64-4B51-B22E-5B820B021322}
		{EE35D980-A8FE-32AF-BC48-5E3E9736852F} = {EE35D980-A8FE-32AF-BC48-5E3E9736852F}
	EndProjectSection
EndProject
Project("{8BC9CEB8-8B4A-11D0-8D11-00A0C91BC942}") = "libmobi", "thirdparty\mobi-0.11\libmobi.vcxproj", "{EE35D980-A8FE-32AF-BC48-5E3E9736852F}"
EndProject
Project("{8BC9CEB8-8B4A-11D0-8D11-00A0C91BC942}") = "mobimeta", "demo\tools\mobimeta\mobimeta.vcxproj", "{126C346C-AF44-486A-ABC7-B5D174A88795}"
	ProjectSection(ProjectDependencies) = postProject
		{98370A1A-2305-3AE1-8D6B-0841290DE59E} = {98370A1A-2305-3AE1-8D6B-0841290DE59E}
		{CBA57C31-6A64-4B51-B22E-5B820B021322} = {CBA57C31-6A64-4B51-B22E-5B820B021322}
		{EE35D980-A8FE-32AF-BC48-5E3E9736852F} = {EE35D980-A8FE-32AF-BC48-5E3E9736852F}
	EndProjectSection
EndProject
Project("{8BC9CEB8-8B4A-11D0-8D11-00A0C91BC942}") = "mobitool", "demo\tools\mobitool\mobitool.vcxproj", "{3B57B1A0-B6E2-4D19-B498-9DA36B297EA7}"
	ProjectSection(ProjectDependencies) = postProject
		{98370A1A-2305-3AE1-8D6B-0841290DE59E} = {98370A1A-2305-3AE1-8D6B-0841290DE59E}
		{CBA57C31-6A64-4B51-B22E-5B820B021322} = {CBA57C31-6A64-4B51-B22E-5B820B021322}
		{EE35D980-A8FE-32AF-BC48-5E3E9736852F} = {EE35D980-A8FE-32AF-BC48-5E3E9736852F}
	EndProjectSection
EndProject
Project("{2150E333-8FDC-42A3-9474-1A3956D46DE8}") = "tools", "tools", "{5BE42DC4-89B6-4C80-BF70-8F2FA3680DFB}"
EndProject
Global
	GlobalSection(SolutionConfigurationPlatforms) = preSolution
		Debug|x64 = Debug|x64
		Release|x64 = Release|x64
	EndGlobalSection
	GlobalSection(ProjectConfigurationPlatforms) = postSolution
		{98370A1A-2305-3AE1-8D6B-0841290DE59E}.Debug|x64.ActiveCfg = Debug|x64
		{98370A1A-2305-3AE1-8D6B-0841290DE59E}.Debug|x64.Build.0 = Debug|x64
		{98370A1A-2305-3AE1-8D6B-0841290DE59E}.Release|x64.ActiveCfg = Release|x64
		{98370A1A-2305-3AE1-8D6B-0841290DE59E}.Release|x64.Build.0 = Release|x64
		{CBA57C31-6A64-4B51-B22E-5B820B021322}.Debug|x64.ActiveCfg = Debug|x64
		{CBA57C31-6A64-4B51-B22E-5B820B021322}.Debug|x64.Build.0 = Debug|x64
		{CBA57C31-6A64-4B51-B22E-5B820B021322}.Release|x64.ActiveCfg = Release|x64
		{CBA57C31-6A64-4B51-B22E-5B820B021322}.Release|x64.Build.0 = Release|x64
		{FE46B6F6-64FB-3F5C-880C-ECA12E91B464}.Debug|x64.ActiveCfg = Debug|x64
		{FE46B6F6-64FB-3F5C-880C-ECA12E91B464}.Debug|x64.Build.0 = Debug|x64
		{FE46B6F6-64FB-3F5C-880C-ECA12E91B464}.Release|x64.ActiveCfg = Release|x64
		{FE46B6F6-64FB-3F5C-880C-ECA12E91B464}.Release|x64.Build.0 = Release|x64
		{EE35D980-A8FE-32AF-BC48-5E3E9736852F}.Debug|x64.ActiveCfg = Debug|x64
		{EE35D980-A8FE-32AF-BC48-5E3E9736852F}.Debug|x64.Build.0 = Debug|x64
		{EE35D980-A8FE-32AF-BC48-5E3E9736852F}.Release|x64.ActiveCfg = Release|x64
		{EE35D980-A8FE-32AF-BC48-5E3E9736852F}.Release|x64.Build.0 = Release|x64
		{126C346C-AF44-486A-ABC7-B5D174A88795}.Debug|x64.ActiveCfg = Debug|x64
		{126C346C-AF44-486A-ABC7-B5D174A88795}.Debug|x64.Build.0 = Debug|x64
		{126C346C-AF44-486A-ABC7-B5D174A88795}.Release|x64.ActiveCfg = Release|x64
		{126C346C-AF44-486A-ABC7-B5D174A88795}.Release|x64.Build.0 = Release|x64
		{3B57B1A0-B6E2-4D19-B498-9DA36B297EA7}.Debug|x64.ActiveCfg = Debug|x64
		{3B57B1A0-B6E2-4D19-B498-9DA36B297EA7}.Debug|x64.Build.0 = Debug|x64
		{3B57B1A0-B6E2-4D19-B498-9DA36B297EA7}.Release|x64.ActiveCfg = Release|x64
		{3B57B1A0-B6E2-4D19-B498-9DA36B297EA7}.Release|x64.Build.0 = Release|x64
	EndGlobalSection
	GlobalSection(SolutionProperties) = preSolution
		HideSolutionNode = FALSE
	EndGlobalSection
	GlobalSection(NestedProjects) = preSolution
		{BAA67E44-6D73-4870-815A-2A530149F238} = {07929ABC-5406-414D-9F87-3F299603B54E}
		{0566C3EC-6E00-435A-89A6-755B0D9EA207} = {07929ABC-5406-414D-9F87-3F299603B54E}
		{98370A1A-2305-3AE1-8D6B-0841290DE59E} = {BAA67E44-6D73-4870-815A-2A530149F238}
		{CBA57C31-6A64-4B51-B22E-5B820B021322} = {BAA67E44-6D73-4870-815A-2A530149F238}
		{FE46B6F6-64FB-3F5C-880C-ECA12E91B464} = {5BE42DC4-89B6-4C80-BF70-8F2FA3680DFB}
		{EE35D980-A8FE-32AF-BC48-5E3E9736852F} = {BAA67E44-6D73-4870-815A-2A530149F238}
		{126C346C-AF44-486A-ABC7-B5D174A88795} = {5BE42DC4-89B6-4C80-BF70-8F2FA3680DFB}
		{3B57B1A0-B6E2-4D19-B498-9DA36B297EA7} = {5BE42DC4-89B6-4C80-BF70-8F2FA3680DFB}
		{5BE42DC4-89B6-4C80-BF70-8F2FA3680DFB} = {C2A928E2-3812-4029-8BF0-611650C9E209}
	EndGlobalSection
	GlobalSection(ExtensibilityGlobals) = postSolution
		SolutionGuid = {2EF7CF1A-AD7A-3386-BF63-69F093011485}
	EndGlobalSection
EndGlobal
